Microsoft Visual Studio Solution File, Format Version 12.00
# Visual Studio Version 17
VisualStudioVersion = 17.5.2.0
MinimumVisualStudioVersion = 10.0.40219.1
Project("{FAE04EC0-301F-11D3-BF4B-00C04F79EFBC}") = "NutriTrack", "NutriTrack.csproj", "{736106BB-74ED-F3E0-E081-AFF8BBBC29B5}"
EndProject
Global
	GlobalSection(SolutionConfigurationPlatforms) = preSolution
		Debug|Any CPU = Debug|Any CPU
		Release|Any CPU = Release|Any CPU
	EndGlobalSection
	GlobalSection(ProjectConfigurationPlatforms) = postSolution
		{736106BB-74ED-F3E0-E081-AFF8BBBC29B5}.Debug|Any CPU.ActiveCfg = Debug|Any CPU
		{736106BB-74ED-F3E0-E081-AFF8BBBC29B5}.Debug|Any CPU.Build.0 = Debug|Any CPU
		{736106BB-74ED-F3E0-E081-AFF8BBBC29B5}.Release|Any CPU.ActiveCfg = Release|Any CPU
		{736106BB-74ED-F3E0-E081-AFF8BBBC29B5}.Release|Any CPU.Build.0 = Release|Any CPU
	EndGlobalSection
	GlobalSection(SolutionProperties) = preSolution
		HideSolutionNode = FALSE
	EndGlobalSection
	GlobalSection(ExtensibilityGlobals) = postSolution
		SolutionGuid = {4A0C4577-0C72-4970-B9BC-51A4339555A3}
	EndGlobalSection
EndGlobal
